
Microsoft Visual Studio Solution File, Format Version 12.00
# Visual Studio 2013
VisualStudioVersion = 12.0.31101.0
MinimumVisualStudioVersion = 10.0.40219.1
Project("{FAE04EC0-301F-11D3-BF4B-00C04F79EFBC}") = "Webapi2", "Webapi2\Webapi2.csproj", "{03BC3E39-97E6-4BA7-B7AD-F7559F86C784}"
EndProject
Project("{FAE04EC0-301F-11D3-BF4B-00C04F79EFBC}") = "Webapi", "Webapi\Webapi.csproj", "{AFEF7CC2-190C-430C-995F-291D1822DE47}"
EndProject
Project("{FAE04EC0-301F-11D3-BF4B-00C04F79EFBC}") = "IRepository", "IRepository\IRepository.csproj", "{A8BA325E-5793-4D5C-958F-E2373ABAAABD}"
EndProject
Project("{FAE04EC0-301F-11D3-BF4B-00C04F79EFBC}") = "Repository", "Repository\Repository.csproj", "{745DBB9D-5678-4100-A999-9A2C2FA6D795}"
EndProject
Project("{FAE04EC0-301F-11D3-BF4B-00C04F79EFBC}") = "Entity", "Entity\Entity.csproj", "{DFF976AC-8355-4EB8-A7AA-22BD7F7F27AC}"
EndProject
Project("{FAE04EC0-301F-11D3-BF4B-00C04F79EFBC}") = "Infrastructure", "Infrastructure\Infrastructure.csproj", "{44F0BE4B-9F62-4A27-B248-246014BF02DD}"
EndProject
Project("{FAE04EC0-301F-11D3-BF4B-00C04F79EFBC}") = "Webapi2.Tests", "Webapi2.Tests\Webapi2.Tests.csproj", "{0A4E7373-D171-4B4E-911A-C2CF374AB61E}"
EndProject
Project("{FAE04EC0-301F-11D3-BF4B-00C04F79EFBC}") = "Webapi2.SelfHost", "Webapi2.SelfHost\Webapi2.SelfHost.csproj", "{3C7300C1-ECA4-438B-A5A7-5CD956D2F26B}"
EndProject
Project("{FAE04EC0-301F-11D3-BF4B-00C04F79EFBC}") = "Webapi.xUnit", "Webapi.xUnit\Webapi.xUnit.csproj", "{2FE5F91C-ED28-48BE-BCFE-4DF2A68AE7FC}"
EndProject
Project("{2150E333-8FDC-42A3-9474-1A3956D46DE8}") = ".nuget", ".nuget", "{CBBC1CA1-599B-45CD-A621-196F99424D7D}"
	ProjectSection(SolutionItems) = preProject
		.nuget\packages.config = .nuget\packages.config
	EndProjectSection
EndProject
Global
	GlobalSection(SolutionConfigurationPlatforms) = preSolution
		Debug|Any CPU = Debug|Any CPU
		Release|Any CPU = Release|Any CPU
	EndGlobalSection
	GlobalSection(ProjectConfigurationPlatforms) = postSolution
		{03BC3E39-97E6-4BA7-B7AD-F7559F86C784}.Debug|Any CPU.ActiveCfg = Debug|Any CPU
		{03BC3E39-97E6-4BA7-B7AD-F7559F86C784}.Debug|Any CPU.Build.0 = Debug|Any CPU
		{03BC3E39-97E6-4BA7-B7AD-F7559F86C784}.Release|Any CPU.ActiveCfg = Release|Any CPU
		{03BC3E39-97E6-4BA7-B7AD-F7559F86C784}.Release|Any CPU.Build.0 = Release|Any CPU
		{AFEF7CC2-190C-430C-995F-291D1822DE47}.Debug|Any CPU.ActiveCfg = Debug|Any CPU
		{AFEF7CC2-190C-430C-995F-291D1822DE47}.Debug|Any CPU.Build.0 = Debug|Any CPU
		{AFEF7CC2-190C-430C-995F-291D1822DE47}.Release|Any CPU.ActiveCfg = Release|Any CPU
		{AFEF7CC2-190C-430C-995F-291D1822DE47}.Release|Any CPU.Build.0 = Release|Any CPU
		{A8BA325E-5793-4D5C-958F-E2373ABAAABD}.Debug|Any CPU.ActiveCfg = Debug|Any CPU
		{A8BA325E-5793-4D5C-958F-E2373ABAAABD}.Debug|Any CPU.Build.0 = Debug|Any CPU
		{A8BA325E-5793-4D5C-958F-E2373ABAAABD}.Release|Any CPU.ActiveCfg = Release|Any CPU
		{A8BA325E-5793-4D5C-958F-E2373ABAAABD}.Release|Any CPU.Build.0 = Release|Any CPU
		{745DBB9D-5678-4100-A999-9A2C2FA6D795}.Debug|Any CPU.ActiveCfg = Debug|Any CPU
		{745DBB9D-5678-4100-A999-9A2C2FA6D795}.Debug|Any CPU.Build.0 = Debug|Any CPU
		{745DBB9D-5678-4100-A999-9A2C2FA6D795}.Release|Any CPU.ActiveCfg = Release|Any CPU
		{745DBB9D-5678-4100-A999-9A2C2FA6D795}.Release|Any CPU.Build.0 = Release|Any CPU
		{DFF976AC-8355-4EB8-A7AA-22BD7F7F27AC}.Debug|Any CPU.ActiveCfg = Debug|Any CPU
		{DFF976AC-8355-4EB8-A7AA-22BD7F7F27AC}.Debug|Any CPU.Build.0 = Debug|Any CPU
		{DFF976AC-8355-4EB8-A7AA-22BD7F7F27AC}.Release|Any CPU.ActiveCfg = Release|Any CPU
		{DFF976AC-8355-4EB8-A7AA-22BD7F7F27AC}.Release|Any CPU.Build.0 = Release|Any CPU
		{44F0BE4B-9F62-4A27-B248-246014BF02DD}.Debug|Any CPU.ActiveCfg = Debug|Any CPU
		{44F0BE4B-9F62-4A27-B248-246014BF02DD}.Debug|Any CPU.Build.0 = Debug|Any CPU
		{44F0BE4B-9F62-4A27-B248-246014BF02DD}.Release|Any CPU.ActiveCfg = Release|Any CPU
		{44F0BE4B-9F62-4A27-B248-246014BF02DD}.Release|Any CPU.Build.0 = Release|Any CPU
		{0A4E7373-D171-4B4E-911A-C2CF374AB61E}.Debug|Any CPU.ActiveCfg = Debug|Any CPU
		{0A4E7373-D171-4B4E-911A-C2CF374AB61E}.Debug|Any CPU.Build.0 = Debug|Any CPU
		{0A4E7373-D171-4B4E-911A-C2CF374AB61E}.Release|Any CPU.ActiveCfg = Release|Any CPU
		{0A4E7373-D171-4B4E-911A-C2CF374AB61E}.Release|Any CPU.Build.0 = Release|Any CPU
		{3C7300C1-ECA4-438B-A5A7-5CD956D2F26B}.Debug|Any CPU.ActiveCfg = Debug|Any CPU
		{3C7300C1-ECA4-438B-A5A7-5CD956D2F26B}.Debug|Any CPU.Build.0 = Debug|Any CPU
		{3C7300C1-ECA4-438B-A5A7-5CD956D2F26B}.Release|Any CPU.ActiveCfg = Release|Any CPU
		{3C7300C1-ECA4-438B-A5A7-5CD956D2F26B}.Release|Any CPU.Build.0 = Release|Any CPU
		{2FE5F91C-ED28-48BE-BCFE-4DF2A68AE7FC}.Debug|Any CPU.ActiveCfg = Debug|Any CPU
		{2FE5F91C-ED28-48BE-BCFE-4DF2A68AE7FC}.Debug|Any CPU.Build.0 = Debug|Any CPU
		{2FE5F91C-ED28-48BE-BCFE-4DF2A68AE7FC}.Release|Any CPU.ActiveCfg = Release|Any CPU
		{2FE5F91C-ED28-48BE-BCFE-4DF2A68AE7FC}.Release|Any CPU.Build.0 = Release|Any CPU
	EndGlobalSection
	GlobalSection(SolutionProperties) = preSolution
		HideSolutionNode = FALSE
	EndGlobalSection
EndGlobal
